<?xml version="1.0" encoding="UTF-8" standalone="yes" ?>
<CodeBlocks_project_file>
	<FileVersion major="1" minor="6" />
	<Project>
		<Option title="qtPyrun" />
		<Option pch_mode="2" />
		<Option compiler="gcc" />
		<Build>
			<Target title="qtWinDebug32">
				<Option output="../bin/win/qtDebug32/qtpyrun" prefix_auto="1" extension_auto="1" />
				<Option working_dir="../res" />
				<Option object_output="../obj/win/qtDebug32/" />
				<Option type="1" />
				<Option compiler="gcc" />
				<Compiler>
					<Add option="-g" />
					<Add directory="../../qt5/include" />
					<Add directory="../../SDL2_64/include" />
					<Add directory="../../OpenGL" />
					<Add directory="../../glm" />
				</Compiler>
				<Linker>
					<Add option="-lmingw32 -lSDL2main -lSDL2  -lSDL2_image" />
					<Add option="-lopengl32 -lglew32" />
					<Add directory="../../qt5/lib" />
					<Add directory="../../SDL2_64/lib" />
					<Add directory="../../OpenGL/lib" />
				</Linker>
			</Target>
			<Target title="qtWinRelease32">
				<Option output="../bin/win/qtRelease32/qtpyrun" prefix_auto="1" extension_auto="1" />
				<Option working_dir="../res" />
				<Option object_output="../obj/qtWinRelease32/" />
				<Option type="0" />
				<Option compiler="gcc" />
				<Compiler>
					<Add option="-O2" />
					<Add directory="../../qt5/include" />
					<Add directory="../../SDL2_64/include" />
					<Add directory="../../OpenGL" />
					<Add directory="../../glm" />
				</Compiler>
				<Linker>
					<Add option="-s" />
					<Add option="-lmingw32 -lSDL2main -lSDL2  -lSDL2_image" />
					<Add option="-static-libgcc -static-libstdc++" />
					<Add option="-lopengl32 -lglew32" />
				</Linker>
			</Target>
		</Build>
		<Compiler>
			<Add option="-Wall" />
		</Compiler>
		<Linker>
			<Add option="-lQt5Core" />
			<Add option="-lQt5Gui" />
			<Add option="-lQt5Widgets" />
			<Add option="-lQt5Opengl" />
		</Linker>
		<Unit filename="editor/editor.cpp" />
		<Unit filename="editor/editor.h" />
		<Unit filename="editor/event.cpp" />
		<Unit filename="editor/event.h" />
		<Unit filename="editor/highlighter.cpp" />
		<Unit filename="editor/highlighter.h" />
		<Unit filename="editor/opengl.cpp" />
		<Unit filename="editor/opengl.h" />
		<Unit filename="game/object.cpp" />
		<Unit filename="game/object.h" />
		<Unit filename="game/objectcreator.cpp" />
		<Unit filename="game/objectcreator.h" />
		<Unit filename="graphic/camera.cpp" />
		<Unit filename="graphic/camera.h" />
		<Unit filename="graphic/glerror.cpp" />
		<Unit filename="graphic/glerror.h" />
		<Unit filename="graphic/shader.cpp" />
		<Unit filename="graphic/shader.h" />
		<Unit filename="graphic/stb_image.cpp" />
		<Unit filename="graphic/stb_image.h" />
		<Unit filename="graphic/texture.cpp" />
		<Unit filename="graphic/texture.h" />
		<Unit filename="main_qt.cpp" />
		<Extensions>
			<code_completion />
			<envvars />
			<debugger />
			<lib_finder disable_auto="1" />
		</Extensions>
	</Project>
</CodeBlocks_project_file>
