<?xml version="1.0" encoding="UTF-8" standalone="yes" ?>
<CodeBlocks_project_file>
	<FileVersion major="1" minor="6" />
	<Project>
		<Option title="Selur" />
		<Option pch_mode="2" />
		<Option compiler="gcc" />
		<Build>
			<Target title="win_debug_32">
				<Option platforms="Windows;" />
				<Option output="../bin/win/debug32/Selur" prefix_auto="1" extension_auto="1" />
				<Option working_dir="../res" />
				<Option object_output="../obj/windebug32/" />
				<Option type="1" />
				<Option compiler="gcc" />
				<Option parameters="-client 46.92.142.190" />
				<Compiler>
					<Add option="-std=c++1y" />
					<Add option="-g" />
					<Add option="-DWIN32" />
					<Add directory="../../SDL2/include" />
					<Add directory="../../OpenGL" />
					<Add directory="../../glm/" />
					<Add directory="../../openvr-mingw/headers" />
					<Add directory="../../RakNet/Source" />
					<Add directory="../../Miniupnpc/source/" />
					<Add directory="../../bullet3/src" />
					<Add directory="graphic/" />
				</Compiler>
				<Linker>
					<Add option="-lmingw32  -lSDL2main -lSDL2  -lSDL2_image" />
					<Add option="-lopengl32" />
					<Add option="-lglew32" />
					<Add option="-lopenvr_dll" />
					<Add option="-lRakNet" />
					<Add option="-DMINIUPNP_STATICLIB" />
					<Add option="-lminiupnpc" />
					<Add option="-lBulletDynamics" />
					<Add option="-lBulletCollision" />
					<Add option="-lLinearMath" />
					<Add library="ws2_32" />
					<Add library="IPHlpApi" />
					<Add directory="../../SDL2/lib" />
					<Add directory="../../OpenGL/lib" />
					<Add directory="../../openvr-mingw/lib" />
					<Add directory="../../RakNet/Lib" />
					<Add directory="../../Miniupnpc/lib" />
					<Add directory="../../bullet3/lib" />
				</Linker>
			</Target>
			<Target title="linux">
				<Option platforms="Unix;" />
				<Option output="../bin/linux/Selur2" prefix_auto="1" extension_auto="1" />
				<Option working_dir="../res" />
				<Option object_output="../obj/linux/" />
				<Option type="1" />
				<Option compiler="gcc" />
				<Compiler>
					<Add option="-g" />
					<Add directory="engine/" />
					<Add directory="graphic/" />
				</Compiler>
				<Linker>
					<Add option="-lSDL2  -lSDL2_image" />
					<Add option="-lGL -lGLEW" />
				</Linker>
			</Target>
			<Target title="win_debug_32_openvr">
				<Option platforms="Windows;" />
				<Option output="../bin/win/debug32/Selur" prefix_auto="1" extension_auto="1" />
				<Option working_dir="../res" />
				<Option object_output="../obj/windebug32/" />
				<Option type="1" />
				<Option compiler="gcc" />
				<Option parameters="-openvr -server" />
				<Compiler>
					<Add option="-g" />
					<Add directory="../../SDL2/include" />
					<Add directory="../../OpenGL" />
					<Add directory="../../glm/" />
					<Add directory="../../openvr-mingw/headers" />
					<Add directory="../../RakNet/Source" />
					<Add directory="../../Miniupnpc/source/" />
					<Add directory="../../bullet3/src" />
					<Add directory="graphic/" />
				</Compiler>
				<Linker>
					<Add option="-lmingw32  -lSDL2main -lSDL2  -lSDL2_image" />
					<Add option="-lopengl32" />
					<Add option="-lglew32" />
					<Add option="-lopenvr_dll" />
					<Add option="-lRakNet" />
					<Add option="-DMINIUPNP_STATICLIB" />
					<Add option="-lminiupnpc" />
					<Add option="-lBulletDynamics" />
					<Add option="-lBulletCollision" />
					<Add option="-lLinearMath" />
					<Add library="ws2_32" />
					<Add library="IPHlpApi" />
					<Add directory="../../SDL2/lib" />
					<Add directory="../../OpenGL/lib" />
					<Add directory="../../openvr-mingw/lib" />
					<Add directory="../../RakNet/Lib" />
					<Add directory="../../Miniupnpc/lib" />
					<Add directory="../../bullet3/lib" />
				</Linker>
			</Target>
		</Build>
		<Compiler>
			<Add option="-Wall" />
			<Add option="-std=c++1y" />
		</Compiler>
		<Unit filename="engine/block.cpp" />
		<Unit filename="engine/block.h" />
		<Unit filename="engine/chunk.cpp" />
		<Unit filename="engine/chunk.h" />
		<Unit filename="engine/config.cpp" />
		<Unit filename="engine/config.h" />
		<Unit filename="engine/engine.cpp" />
		<Unit filename="engine/engine.h" />
		<Unit filename="engine/input.cpp" />
		<Unit filename="engine/input.h" />
		<Unit filename="engine/landscape_generator.cpp" />
		<Unit filename="engine/landscape_generator.h" />
		<Unit filename="engine/network.cpp" />
		<Unit filename="engine/network.h" />
		<Unit filename="engine/network_ids.cpp" />
		<Unit filename="engine/network_ids.h" />
		<Unit filename="engine/obj_loader.cpp" />
		<Unit filename="engine/obj_loader.h" />
		<Unit filename="engine/object.cpp" />
		<Unit filename="engine/object.h" />
		<Unit filename="engine/openvr.cpp" />
		<Unit filename="engine/openvr.h" />
		<Unit filename="engine/openvr_models.cpp" />
		<Unit filename="engine/openvr_models.h" />
		<Unit filename="engine/openvr_rendermodel.cpp" />
		<Unit filename="engine/openvr_rendermodel.h" />
		<Unit filename="engine/world.cpp" />
		<Unit filename="engine/world.h" />
		<Unit filename="graphic/camera.cpp" />
		<Unit filename="graphic/camera.h" />
		<Unit filename="graphic/debug_draw.h" />
		<Unit filename="graphic/display.cpp" />
		<Unit filename="graphic/display.h" />
		<Unit filename="graphic/glerror.cpp" />
		<Unit filename="graphic/glerror.h" />
		<Unit filename="graphic/graphic.cpp" />
		<Unit filename="graphic/graphic.h" />
		<Unit filename="graphic/shader.cpp" />
		<Unit filename="graphic/shader.h" />
		<Unit filename="graphic/shadowmap.cpp" />
		<Unit filename="graphic/shadowmap.h" />
		<Unit filename="graphic/stb_image.cpp" />
		<Unit filename="graphic/stb_image.h" />
		<Unit filename="graphic/texture.cpp" />
		<Unit filename="graphic/texture.h" />
		<Unit filename="graphic/tiny_obj_loader.h" />
		<Unit filename="graphic/transform.cpp" />
		<Unit filename="graphic/transform.h" />
		<Unit filename="main.cpp" />
		<Unit filename="physic/collision.cpp" />
		<Unit filename="physic/collision.h" />
		<Unit filename="system/timer.cpp" />
		<Unit filename="system/timer.h" />
		<Unit filename="xml/tinyxml2.cpp" />
		<Unit filename="xml/tinyxml2.h" />
		<Extensions>
			<code_completion />
			<envvars />
			<debugger />
			<lib_finder disable_auto="1" />
		</Extensions>
	</Project>
</CodeBlocks_project_file>
